
Microsoft Visual Studio Solution File, Format Version 12.00
# Visual Studio Version 17
VisualStudioVersion = 17.0.31903.59
MinimumVisualStudioVersion = 10.0.40219.1
Project("{2150E333-8FDC-42A3-9474-1A3956D46DE8}") = "backend", "backend", "{1AE8ACA6-933B-BF2A-3671-3E2EAC007D16}"
EndProject
Project("{2150E333-8FDC-42A3-9474-1A3956D46DE8}") = "shared", "shared", "{B9B6650B-7025-C9C0-BCFD-BDEDF1640D80}"
EndProject
Project("{FAE04EC0-301F-11D3-BF4B-00C04F79EFBC}") = "Domain", "backend\shared\Domain\Domain.csproj", "{110D0C3D-BA37-4EAB-9DAF-41C870816AE3}"
EndProject
Project("{FAE04EC0-301F-11D3-BF4B-00C04F79EFBC}") = "Handlers", "backend\shared\Handlers\Handlers.csproj", "{4719B12C-FFF8-4653-88AE-D421A195A3E9}"
EndProject
Project("{2150E333-8FDC-42A3-9474-1A3956D46DE8}") = "hosting", "hosting", "{44B2E3BD-7439-ECDC-C541-9B2FA43E19EC}"
EndProject
Project("{2150E333-8FDC-42A3-9474-1A3956D46DE8}") = "aws-lambda", "aws-lambda", "{3840B768-5ADE-7206-A818-21C114E01CCC}"
EndProject
Project("{FAE04EC0-301F-11D3-BF4B-00C04F79EFBC}") = "AwsLambda", "backend\hosting\aws-lambda\AwsLambda.csproj", "{DFE0B3F5-CA84-4B63-B6A1-F2292790F7A9}"
EndProject
Project("{2150E333-8FDC-42A3-9474-1A3956D46DE8}") = "azure-functions", "azure-functions", "{6334E64E-CB85-783C-4E3D-8FD35091C327}"
EndProject
Project("{2150E333-8FDC-42A3-9474-1A3956D46DE8}") = "src", "src", "{77EA9815-084C-A37C-CCFF-1BBE2B3D71F2}"
EndProject
Project("{2150E333-8FDC-42A3-9474-1A3956D46DE8}") = "Checkout", "Checkout", "{0DF099E0-2963-6222-A179-363117652255}"
EndProject
Project("{FAE04EC0-301F-11D3-BF4B-00C04F79EFBC}") = "CheckoutFn", "backend\hosting\azure-functions\src\Checkout\CheckoutFn.csproj", "{63C6C951-F555-4F58-889F-26CB9558BB74}"
EndProject
Project("{2150E333-8FDC-42A3-9474-1A3956D46DE8}") = "Webhooks", "Webhooks", "{2E141EFB-D5C7-07A3-C9AF-AF33E5C694EC}"
EndProject
Project("{FAE04EC0-301F-11D3-BF4B-00C04F79EFBC}") = "WebhooksFn", "backend\hosting\azure-functions\src\Webhooks\WebhooksFn.csproj", "{66CEC48A-9C75-4440-AF6D-2A53F4C31610}"
EndProject
Project("{2150E333-8FDC-42A3-9474-1A3956D46DE8}") = "Notify", "Notify", "{D6130051-CC23-3E13-32F6-408CAD1AAE54}"
EndProject
Project("{FAE04EC0-301F-11D3-BF4B-00C04F79EFBC}") = "NotifyFn", "backend\hosting\azure-functions\src\Notify\NotifyFn.csproj", "{02A61826-E0F1-4857-8163-9B2648BA14E1}"
EndProject
Project("{2150E333-8FDC-42A3-9474-1A3956D46DE8}") = "orchestrator", "orchestrator", "{386CF7F1-2C50-82F4-91F9-FCF6211B624B}"
EndProject
Project("{FAE04EC0-301F-11D3-BF4B-00C04F79EFBC}") = "AppHost", "orchestrator\AppHost\AppHost.csproj", "{D5DEC829-7F68-4673-8155-E2446D12792B}"
EndProject
Project("{FAE04EC0-301F-11D3-BF4B-00C04F79EFBC}") = "ServiceDefaults", "orchestrator\ServiceDefaults\ServiceDefaults.csproj", "{FA0E003A-0587-405F-8890-F425714A6ABE}"
EndProject
Project("{2150E333-8FDC-42A3-9474-1A3956D46DE8}") = "frontend", "frontend", "{CE609670-85B9-0D16-FB54-ED063D5D8A6D}"
EndProject
Project("{2150E333-8FDC-42A3-9474-1A3956D46DE8}") = "blazor-client", "blazor-client", "{EC1CAA41-9285-025A-020C-613A699E14A8}"
EndProject
Project("{FAE04EC0-301F-11D3-BF4B-00C04F79EFBC}") = "BlazorClient", "frontend\blazor-client\BlazorClient.csproj", "{AED7E3BC-E44D-4566-943D-EEBE772D45E5}"
EndProject
Project("{FAE04EC0-301F-11D3-BF4B-00C04F79EFBC}") = "Services", "backend\shared\Services\Services.csproj", "{DBBD81C1-E86D-4160-BD78-7FD216AB79BF}"
EndProject
Project("{FAE04EC0-301F-11D3-BF4B-00C04F79EFBC}") = "Repositories", "backend\shared\Repositories\Repositories.csproj", "{D7C63250-9B4E-4127-AD14-02968305FF7B}"
EndProject
Project("{FAE04EC0-301F-11D3-BF4B-00C04F79EFBC}") = "Hosting", "backend\shared\Hosting\Hosting.csproj", "{F8A1C2D3-4E5F-6789-ABCD-123456789ABC}"
EndProject
Global
	GlobalSection(SolutionConfigurationPlatforms) = preSolution
		Debug|Any CPU = Debug|Any CPU
		Debug|x64 = Debug|x64
		Debug|x86 = Debug|x86
		Release|Any CPU = Release|Any CPU
		Release|x64 = Release|x64
		Release|x86 = Release|x86
	EndGlobalSection
	GlobalSection(ProjectConfigurationPlatforms) = postSolution
		{110D0C3D-BA37-4EAB-9DAF-41C870816AE3}.Debug|Any CPU.ActiveCfg = Debug|Any CPU
		{110D0C3D-BA37-4EAB-9DAF-41C870816AE3}.Debug|Any CPU.Build.0 = Debug|Any CPU
		{110D0C3D-BA37-4EAB-9DAF-41C870816AE3}.Debug|x64.ActiveCfg = Debug|Any CPU
		{110D0C3D-BA37-4EAB-9DAF-41C870816AE3}.Debug|x64.Build.0 = Debug|Any CPU
		{110D0C3D-BA37-4EAB-9DAF-41C870816AE3}.Debug|x86.ActiveCfg = Debug|Any CPU
		{110D0C3D-BA37-4EAB-9DAF-41C870816AE3}.Debug|x86.Build.0 = Debug|Any CPU
		{110D0C3D-BA37-4EAB-9DAF-41C870816AE3}.Release|Any CPU.ActiveCfg = Release|Any CPU
		{110D0C3D-BA37-4EAB-9DAF-41C870816AE3}.Release|Any CPU.Build.0 = Release|Any CPU
		{110D0C3D-BA37-4EAB-9DAF-41C870816AE3}.Release|x64.ActiveCfg = Release|Any CPU
		{110D0C3D-BA37-4EAB-9DAF-41C870816AE3}.Release|x64.Build.0 = Release|Any CPU
		{110D0C3D-BA37-4EAB-9DAF-41C870816AE3}.Release|x86.ActiveCfg = Release|Any CPU
		{110D0C3D-BA37-4EAB-9DAF-41C870816AE3}.Release|x86.Build.0 = Release|Any CPU
		{0EA11CBC-FC03-435D-BB37-19552D761B41}.Debug|Any CPU.ActiveCfg = Debug|Any CPU
		{0EA11CBC-FC03-435D-BB37-19552D761B41}.Debug|Any CPU.Build.0 = Debug|Any CPU
		{0EA11CBC-FC03-435D-BB37-19552D761B41}.Debug|x64.ActiveCfg = Debug|Any CPU
		{0EA11CBC-FC03-435D-BB37-19552D761B41}.Debug|x64.Build.0 = Debug|Any CPU
		{0EA11CBC-FC03-435D-BB37-19552D761B41}.Debug|x86.ActiveCfg = Debug|Any CPU
		{0EA11CBC-FC03-435D-BB37-19552D761B41}.Debug|x86.Build.0 = Debug|Any CPU
		{0EA11CBC-FC03-435D-BB37-19552D761B41}.Release|Any CPU.ActiveCfg = Release|Any CPU
		{0EA11CBC-FC03-435D-BB37-19552D761B41}.Release|Any CPU.Build.0 = Release|Any CPU
		{0EA11CBC-FC03-435D-BB37-19552D761B41}.Release|x64.ActiveCfg = Release|Any CPU
		{0EA11CBC-FC03-435D-BB37-19552D761B41}.Release|x64.Build.0 = Release|Any CPU
		{0EA11CBC-FC03-435D-BB37-19552D761B41}.Release|x86.ActiveCfg = Release|Any CPU
		{0EA11CBC-FC03-435D-BB37-19552D761B41}.Release|x86.Build.0 = Release|Any CPU
		{B91C7BA2-F355-4EBD-8DFB-A1B4DB880CBB}.Debug|Any CPU.ActiveCfg = Debug|Any CPU
		{B91C7BA2-F355-4EBD-8DFB-A1B4DB880CBB}.Debug|Any CPU.Build.0 = Debug|Any CPU
		{B91C7BA2-F355-4EBD-8DFB-A1B4DB880CBB}.Debug|x64.ActiveCfg = Debug|Any CPU
		{B91C7BA2-F355-4EBD-8DFB-A1B4DB880CBB}.Debug|x64.Build.0 = Debug|Any CPU
		{B91C7BA2-F355-4EBD-8DFB-A1B4DB880CBB}.Debug|x86.ActiveCfg = Debug|Any CPU
		{B91C7BA2-F355-4EBD-8DFB-A1B4DB880CBB}.Debug|x86.Build.0 = Debug|Any CPU
		{B91C7BA2-F355-4EBD-8DFB-A1B4DB880CBB}.Release|Any CPU.ActiveCfg = Release|Any CPU
		{B91C7BA2-F355-4EBD-8DFB-A1B4DB880CBB}.Release|Any CPU.Build.0 = Release|Any CPU
		{B91C7BA2-F355-4EBD-8DFB-A1B4DB880CBB}.Release|x64.ActiveCfg = Release|Any CPU
		{B91C7BA2-F355-4EBD-8DFB-A1B4DB880CBB}.Release|x64.Build.0 = Release|Any CPU
		{B91C7BA2-F355-4EBD-8DFB-A1B4DB880CBB}.Release|x86.ActiveCfg = Release|Any CPU
		{B91C7BA2-F355-4EBD-8DFB-A1B4DB880CBB}.Release|x86.Build.0 = Release|Any CPU
		{A5A66658-15EA-477E-BCBA-D7E16408323F}.Debug|Any CPU.ActiveCfg = Debug|Any CPU
		{A5A66658-15EA-477E-BCBA-D7E16408323F}.Debug|Any CPU.Build.0 = Debug|Any CPU
		{A5A66658-15EA-477E-BCBA-D7E16408323F}.Debug|x64.ActiveCfg = Debug|Any CPU
		{A5A66658-15EA-477E-BCBA-D7E16408323F}.Debug|x64.Build.0 = Debug|Any CPU
		{A5A66658-15EA-477E-BCBA-D7E16408323F}.Debug|x86.ActiveCfg = Debug|Any CPU
		{A5A66658-15EA-477E-BCBA-D7E16408323F}.Debug|x86.Build.0 = Debug|Any CPU
		{A5A66658-15EA-477E-BCBA-D7E16408323F}.Release|Any CPU.ActiveCfg = Release|Any CPU
		{A5A66658-15EA-477E-BCBA-D7E16408323F}.Release|Any CPU.Build.0 = Release|Any CPU
		{A5A66658-15EA-477E-BCBA-D7E16408323F}.Release|x64.ActiveCfg = Release|Any CPU
		{A5A66658-15EA-477E-BCBA-D7E16408323F}.Release|x64.Build.0 = Release|Any CPU
		{A5A66658-15EA-477E-BCBA-D7E16408323F}.Release|x86.ActiveCfg = Release|Any CPU
		{A5A66658-15EA-477E-BCBA-D7E16408323F}.Release|x86.Build.0 = Release|Any CPU
		{4719B12C-FFF8-4653-88AE-D421A195A3E9}.Debug|Any CPU.ActiveCfg = Debug|Any CPU
		{4719B12C-FFF8-4653-88AE-D421A195A3E9}.Debug|Any CPU.Build.0 = Debug|Any CPU
		{4719B12C-FFF8-4653-88AE-D421A195A3E9}.Debug|x64.ActiveCfg = Debug|Any CPU
		{4719B12C-FFF8-4653-88AE-D421A195A3E9}.Debug|x64.Build.0 = Debug|Any CPU
		{4719B12C-FFF8-4653-88AE-D421A195A3E9}.Debug|x86.ActiveCfg = Debug|Any CPU
		{4719B12C-FFF8-4653-88AE-D421A195A3E9}.Debug|x86.Build.0 = Debug|Any CPU
		{4719B12C-FFF8-4653-88AE-D421A195A3E9}.Release|Any CPU.ActiveCfg = Release|Any CPU
		{4719B12C-FFF8-4653-88AE-D421A195A3E9}.Release|Any CPU.Build.0 = Release|Any CPU
		{4719B12C-FFF8-4653-88AE-D421A195A3E9}.Release|x64.ActiveCfg = Release|Any CPU
		{4719B12C-FFF8-4653-88AE-D421A195A3E9}.Release|x64.Build.0 = Release|Any CPU
		{4719B12C-FFF8-4653-88AE-D421A195A3E9}.Release|x86.ActiveCfg = Release|Any CPU
		{4719B12C-FFF8-4653-88AE-D421A195A3E9}.Release|x86.Build.0 = Release|Any CPU
		{DFE0B3F5-CA84-4B63-B6A1-F2292790F7A9}.Debug|Any CPU.ActiveCfg = Debug|Any CPU
		{DFE0B3F5-CA84-4B63-B6A1-F2292790F7A9}.Debug|Any CPU.Build.0 = Debug|Any CPU
		{DFE0B3F5-CA84-4B63-B6A1-F2292790F7A9}.Debug|x64.ActiveCfg = Debug|Any CPU
		{DFE0B3F5-CA84-4B63-B6A1-F2292790F7A9}.Debug|x64.Build.0 = Debug|Any CPU
		{DFE0B3F5-CA84-4B63-B6A1-F2292790F7A9}.Debug|x86.ActiveCfg = Debug|Any CPU
		{DFE0B3F5-CA84-4B63-B6A1-F2292790F7A9}.Debug|x86.Build.0 = Debug|Any CPU
		{DFE0B3F5-CA84-4B63-B6A1-F2292790F7A9}.Release|Any CPU.ActiveCfg = Release|Any CPU
		{DFE0B3F5-CA84-4B63-B6A1-F2292790F7A9}.Release|Any CPU.Build.0 = Release|Any CPU
		{DFE0B3F5-CA84-4B63-B6A1-F2292790F7A9}.Release|x64.ActiveCfg = Release|Any CPU
		{DFE0B3F5-CA84-4B63-B6A1-F2292790F7A9}.Release|x64.Build.0 = Release|Any CPU
		{DFE0B3F5-CA84-4B63-B6A1-F2292790F7A9}.Release|x86.ActiveCfg = Release|Any CPU
		{DFE0B3F5-CA84-4B63-B6A1-F2292790F7A9}.Release|x86.Build.0 = Release|Any CPU
		{63C6C951-F555-4F58-889F-26CB9558BB74}.Debug|Any CPU.ActiveCfg = Debug|Any CPU
		{63C6C951-F555-4F58-889F-26CB9558BB74}.Debug|Any CPU.Build.0 = Debug|Any CPU
		{63C6C951-F555-4F58-889F-26CB9558BB74}.Debug|x64.ActiveCfg = Debug|Any CPU
		{63C6C951-F555-4F58-889F-26CB9558BB74}.Debug|x64.Build.0 = Debug|Any CPU
		{63C6C951-F555-4F58-889F-26CB9558BB74}.Debug|x86.ActiveCfg = Debug|Any CPU
		{63C6C951-F555-4F58-889F-26CB9558BB74}.Debug|x86.Build.0 = Debug|Any CPU
		{63C6C951-F555-4F58-889F-26CB9558BB74}.Release|Any CPU.ActiveCfg = Release|Any CPU
		{63C6C951-F555-4F58-889F-26CB9558BB74}.Release|Any CPU.Build.0 = Release|Any CPU
		{63C6C951-F555-4F58-889F-26CB9558BB74}.Release|x64.ActiveCfg = Release|Any CPU
		{63C6C951-F555-4F58-889F-26CB9558BB74}.Release|x64.Build.0 = Release|Any CPU
		{63C6C951-F555-4F58-889F-26CB9558BB74}.Release|x86.ActiveCfg = Release|Any CPU
		{63C6C951-F555-4F58-889F-26CB9558BB74}.Release|x86.Build.0 = Release|Any CPU
		{66CEC48A-9C75-4440-AF6D-2A53F4C31610}.Debug|Any CPU.ActiveCfg = Debug|Any CPU
		{66CEC48A-9C75-4440-AF6D-2A53F4C31610}.Debug|Any CPU.Build.0 = Debug|Any CPU
		{66CEC48A-9C75-4440-AF6D-2A53F4C31610}.Debug|x64.ActiveCfg = Debug|Any CPU
		{66CEC48A-9C75-4440-AF6D-2A53F4C31610}.Debug|x64.Build.0 = Debug|Any CPU
		{66CEC48A-9C75-4440-AF6D-2A53F4C31610}.Debug|x86.ActiveCfg = Debug|Any CPU
		{66CEC48A-9C75-4440-AF6D-2A53F4C31610}.Debug|x86.Build.0 = Debug|Any CPU
		{66CEC48A-9C75-4440-AF6D-2A53F4C31610}.Release|Any CPU.ActiveCfg = Release|Any CPU
		{66CEC48A-9C75-4440-AF6D-2A53F4C31610}.Release|Any CPU.Build.0 = Release|Any CPU
		{66CEC48A-9C75-4440-AF6D-2A53F4C31610}.Release|x64.ActiveCfg = Release|Any CPU
		{66CEC48A-9C75-4440-AF6D-2A53F4C31610}.Release|x64.Build.0 = Release|Any CPU
		{66CEC48A-9C75-4440-AF6D-2A53F4C31610}.Release|x86.ActiveCfg = Release|Any CPU
		{66CEC48A-9C75-4440-AF6D-2A53F4C31610}.Release|x86.Build.0 = Release|Any CPU
		{02A61826-E0F1-4857-8163-9B2648BA14E1}.Debug|Any CPU.ActiveCfg = Debug|Any CPU
		{02A61826-E0F1-4857-8163-9B2648BA14E1}.Debug|Any CPU.Build.0 = Debug|Any CPU
		{02A61826-E0F1-4857-8163-9B2648BA14E1}.Debug|x64.ActiveCfg = Debug|Any CPU
		{02A61826-E0F1-4857-8163-9B2648BA14E1}.Debug|x64.Build.0 = Debug|Any CPU
		{02A61826-E0F1-4857-8163-9B2648BA14E1}.Debug|x86.ActiveCfg = Debug|Any CPU
		{02A61826-E0F1-4857-8163-9B2648BA14E1}.Debug|x86.Build.0 = Debug|Any CPU
		{02A61826-E0F1-4857-8163-9B2648BA14E1}.Release|Any CPU.ActiveCfg = Release|Any CPU
		{02A61826-E0F1-4857-8163-9B2648BA14E1}.Release|Any CPU.Build.0 = Release|Any CPU
		{02A61826-E0F1-4857-8163-9B2648BA14E1}.Release|x64.ActiveCfg = Release|Any CPU
		{02A61826-E0F1-4857-8163-9B2648BA14E1}.Release|x64.Build.0 = Release|Any CPU
		{02A61826-E0F1-4857-8163-9B2648BA14E1}.Release|x86.ActiveCfg = Release|Any CPU
		{02A61826-E0F1-4857-8163-9B2648BA14E1}.Release|x86.Build.0 = Release|Any CPU
		{D5DEC829-7F68-4673-8155-E2446D12792B}.Debug|Any CPU.ActiveCfg = Debug|Any CPU
		{D5DEC829-7F68-4673-8155-E2446D12792B}.Debug|Any CPU.Build.0 = Debug|Any CPU
		{D5DEC829-7F68-4673-8155-E2446D12792B}.Debug|x64.ActiveCfg = Debug|Any CPU
		{D5DEC829-7F68-4673-8155-E2446D12792B}.Debug|x64.Build.0 = Debug|Any CPU
		{D5DEC829-7F68-4673-8155-E2446D12792B}.Debug|x86.ActiveCfg = Debug|Any CPU
		{D5DEC829-7F68-4673-8155-E2446D12792B}.Debug|x86.Build.0 = Debug|Any CPU
		{D5DEC829-7F68-4673-8155-E2446D12792B}.Release|Any CPU.ActiveCfg = Release|Any CPU
		{D5DEC829-7F68-4673-8155-E2446D12792B}.Release|Any CPU.Build.0 = Release|Any CPU
		{D5DEC829-7F68-4673-8155-E2446D12792B}.Release|x64.ActiveCfg = Release|Any CPU
		{D5DEC829-7F68-4673-8155-E2446D12792B}.Release|x64.Build.0 = Release|Any CPU
		{D5DEC829-7F68-4673-8155-E2446D12792B}.Release|x86.ActiveCfg = Release|Any CPU
		{D5DEC829-7F68-4673-8155-E2446D12792B}.Release|x86.Build.0 = Release|Any CPU
		{FA0E003A-0587-405F-8890-F425714A6ABE}.Debug|Any CPU.ActiveCfg = Debug|Any CPU
		{FA0E003A-0587-405F-8890-F425714A6ABE}.Debug|Any CPU.Build.0 = Debug|Any CPU
		{FA0E003A-0587-405F-8890-F425714A6ABE}.Debug|x64.ActiveCfg = Debug|Any CPU
		{FA0E003A-0587-405F-8890-F425714A6ABE}.Debug|x64.Build.0 = Debug|Any CPU
		{FA0E003A-0587-405F-8890-F425714A6ABE}.Debug|x86.ActiveCfg = Debug|Any CPU
		{FA0E003A-0587-405F-8890-F425714A6ABE}.Debug|x86.Build.0 = Debug|Any CPU
		{FA0E003A-0587-405F-8890-F425714A6ABE}.Release|Any CPU.ActiveCfg = Release|Any CPU
		{FA0E003A-0587-405F-8890-F425714A6ABE}.Release|Any CPU.Build.0 = Release|Any CPU
		{FA0E003A-0587-405F-8890-F425714A6ABE}.Release|x64.ActiveCfg = Release|Any CPU
		{FA0E003A-0587-405F-8890-F425714A6ABE}.Release|x64.Build.0 = Release|Any CPU
		{FA0E003A-0587-405F-8890-F425714A6ABE}.Release|x86.ActiveCfg = Release|Any CPU
		{FA0E003A-0587-405F-8890-F425714A6ABE}.Release|x86.Build.0 = Release|Any CPU
		{AED7E3BC-E44D-4566-943D-EEBE772D45E5}.Debug|Any CPU.ActiveCfg = Debug|Any CPU
		{AED7E3BC-E44D-4566-943D-EEBE772D45E5}.Debug|Any CPU.Build.0 = Debug|Any CPU
		{AED7E3BC-E44D-4566-943D-EEBE772D45E5}.Debug|x64.ActiveCfg = Debug|Any CPU
		{AED7E3BC-E44D-4566-943D-EEBE772D45E5}.Debug|x64.Build.0 = Debug|Any CPU
		{AED7E3BC-E44D-4566-943D-EEBE772D45E5}.Debug|x86.ActiveCfg = Debug|Any CPU
		{AED7E3BC-E44D-4566-943D-EEBE772D45E5}.Debug|x86.Build.0 = Debug|Any CPU
		{AED7E3BC-E44D-4566-943D-EEBE772D45E5}.Release|Any CPU.ActiveCfg = Release|Any CPU
		{AED7E3BC-E44D-4566-943D-EEBE772D45E5}.Release|Any CPU.Build.0 = Release|Any CPU
		{AED7E3BC-E44D-4566-943D-EEBE772D45E5}.Release|x64.ActiveCfg = Release|Any CPU
		{AED7E3BC-E44D-4566-943D-EEBE772D45E5}.Release|x64.Build.0 = Release|Any CPU
		{AED7E3BC-E44D-4566-943D-EEBE772D45E5}.Release|x86.ActiveCfg = Release|Any CPU
		{AED7E3BC-E44D-4566-943D-EEBE772D45E5}.Release|x86.Build.0 = Release|Any CPU
		{DBBD81C1-E86D-4160-BD78-7FD216AB79BF}.Debug|Any CPU.ActiveCfg = Debug|Any CPU
		{DBBD81C1-E86D-4160-BD78-7FD216AB79BF}.Debug|Any CPU.Build.0 = Debug|Any CPU
		{DBBD81C1-E86D-4160-BD78-7FD216AB79BF}.Debug|x64.ActiveCfg = Debug|Any CPU
		{DBBD81C1-E86D-4160-BD78-7FD216AB79BF}.Debug|x64.Build.0 = Debug|Any CPU
		{DBBD81C1-E86D-4160-BD78-7FD216AB79BF}.Debug|x86.ActiveCfg = Debug|Any CPU
		{DBBD81C1-E86D-4160-BD78-7FD216AB79BF}.Debug|x86.Build.0 = Debug|Any CPU
		{DBBD81C1-E86D-4160-BD78-7FD216AB79BF}.Release|Any CPU.ActiveCfg = Release|Any CPU
		{DBBD81C1-E86D-4160-BD78-7FD216AB79BF}.Release|Any CPU.Build.0 = Release|Any CPU
		{DBBD81C1-E86D-4160-BD78-7FD216AB79BF}.Release|x64.ActiveCfg = Release|Any CPU
		{DBBD81C1-E86D-4160-BD78-7FD216AB79BF}.Release|x64.Build.0 = Release|Any CPU
		{DBBD81C1-E86D-4160-BD78-7FD216AB79BF}.Release|x86.ActiveCfg = Release|Any CPU
		{DBBD81C1-E86D-4160-BD78-7FD216AB79BF}.Release|x86.Build.0 = Release|Any CPU
		{D7C63250-9B4E-4127-AD14-02968305FF7B}.Debug|Any CPU.ActiveCfg = Debug|Any CPU
		{D7C63250-9B4E-4127-AD14-02968305FF7B}.Debug|Any CPU.Build.0 = Debug|Any CPU
		{D7C63250-9B4E-4127-AD14-02968305FF7B}.Debug|x64.ActiveCfg = Debug|Any CPU
		{D7C63250-9B4E-4127-AD14-02968305FF7B}.Debug|x64.Build.0 = Debug|Any CPU
		{D7C63250-9B4E-4127-AD14-02968305FF7B}.Debug|x86.ActiveCfg = Debug|Any CPU
		{D7C63250-9B4E-4127-AD14-02968305FF7B}.Debug|x86.Build.0 = Debug|Any CPU
		{D7C63250-9B4E-4127-AD14-02968305FF7B}.Release|Any CPU.ActiveCfg = Release|Any CPU
		{D7C63250-9B4E-4127-AD14-02968305FF7B}.Release|Any CPU.Build.0 = Release|Any CPU
		{D7C63250-9B4E-4127-AD14-02968305FF7B}.Release|x64.ActiveCfg = Release|Any CPU
		{D7C63250-9B4E-4127-AD14-02968305FF7B}.Release|x64.Build.0 = Release|Any CPU
		{D7C63250-9B4E-4127-AD14-02968305FF7B}.Release|x86.ActiveCfg = Release|Any CPU
		{D7C63250-9B4E-4127-AD14-02968305FF7B}.Release|x86.Build.0 = Release|Any CPU
		{F8A1C2D3-4E5F-6789-ABCD-123456789ABC}.Debug|Any CPU.ActiveCfg = Debug|Any CPU
		{F8A1C2D3-4E5F-6789-ABCD-123456789ABC}.Debug|Any CPU.Build.0 = Debug|Any CPU
		{F8A1C2D3-4E5F-6789-ABCD-123456789ABC}.Debug|x64.ActiveCfg = Debug|Any CPU
		{F8A1C2D3-4E5F-6789-ABCD-123456789ABC}.Debug|x64.Build.0 = Debug|Any CPU
		{F8A1C2D3-4E5F-6789-ABCD-123456789ABC}.Debug|x86.ActiveCfg = Debug|Any CPU
		{F8A1C2D3-4E5F-6789-ABCD-123456789ABC}.Debug|x86.Build.0 = Debug|Any CPU
		{F8A1C2D3-4E5F-6789-ABCD-123456789ABC}.Release|Any CPU.ActiveCfg = Release|Any CPU
		{F8A1C2D3-4E5F-6789-ABCD-123456789ABC}.Release|Any CPU.Build.0 = Release|Any CPU
		{F8A1C2D3-4E5F-6789-ABCD-123456789ABC}.Release|x64.ActiveCfg = Release|Any CPU
		{F8A1C2D3-4E5F-6789-ABCD-123456789ABC}.Release|x64.Build.0 = Release|Any CPU
		{F8A1C2D3-4E5F-6789-ABCD-123456789ABC}.Release|x86.ActiveCfg = Release|Any CPU
		{F8A1C2D3-4E5F-6789-ABCD-123456789ABC}.Release|x86.Build.0 = Release|Any CPU
	EndGlobalSection
	GlobalSection(SolutionProperties) = preSolution
		HideSolutionNode = FALSE
	EndGlobalSection
	GlobalSection(NestedProjects) = preSolution
		{B9B6650B-7025-C9C0-BCFD-BDEDF1640D80} = {1AE8ACA6-933B-BF2A-3671-3E2EAC007D16}
		{110D0C3D-BA37-4EAB-9DAF-41C870816AE3} = {B9B6650B-7025-C9C0-BCFD-BDEDF1640D80}
		{4719B12C-FFF8-4653-88AE-D421A195A3E9} = {B9B6650B-7025-C9C0-BCFD-BDEDF1640D80}
		{44B2E3BD-7439-ECDC-C541-9B2FA43E19EC} = {1AE8ACA6-933B-BF2A-3671-3E2EAC007D16}
		{3840B768-5ADE-7206-A818-21C114E01CCC} = {44B2E3BD-7439-ECDC-C541-9B2FA43E19EC}
		{DFE0B3F5-CA84-4B63-B6A1-F2292790F7A9} = {3840B768-5ADE-7206-A818-21C114E01CCC}
		{6334E64E-CB85-783C-4E3D-8FD35091C327} = {44B2E3BD-7439-ECDC-C541-9B2FA43E19EC}
		{77EA9815-084C-A37C-CCFF-1BBE2B3D71F2} = {6334E64E-CB85-783C-4E3D-8FD35091C327}
		{0DF099E0-2963-6222-A179-363117652255} = {77EA9815-084C-A37C-CCFF-1BBE2B3D71F2}
		{63C6C951-F555-4F58-889F-26CB9558BB74} = {0DF099E0-2963-6222-A179-363117652255}
		{2E141EFB-D5C7-07A3-C9AF-AF33E5C694EC} = {77EA9815-084C-A37C-CCFF-1BBE2B3D71F2}
		{66CEC48A-9C75-4440-AF6D-2A53F4C31610} = {2E141EFB-D5C7-07A3-C9AF-AF33E5C694EC}
		{D6130051-CC23-3E13-32F6-408CAD1AAE54} = {77EA9815-084C-A37C-CCFF-1BBE2B3D71F2}
		{02A61826-E0F1-4857-8163-9B2648BA14E1} = {D6130051-CC23-3E13-32F6-408CAD1AAE54}
		{D5DEC829-7F68-4673-8155-E2446D12792B} = {386CF7F1-2C50-82F4-91F9-FCF6211B624B}
		{FA0E003A-0587-405F-8890-F425714A6ABE} = {386CF7F1-2C50-82F4-91F9-FCF6211B624B}
		{EC1CAA41-9285-025A-020C-613A699E14A8} = {CE609670-85B9-0D16-FB54-ED063D5D8A6D}
		{AED7E3BC-E44D-4566-943D-EEBE772D45E5} = {EC1CAA41-9285-025A-020C-613A699E14A8}
		{DBBD81C1-E86D-4160-BD78-7FD216AB79BF} = {B9B6650B-7025-C9C0-BCFD-BDEDF1640D80}
		{D7C63250-9B4E-4127-AD14-02968305FF7B} = {B9B6650B-7025-C9C0-BCFD-BDEDF1640D80}
		{F8A1C2D3-4E5F-6789-ABCD-123456789ABC} = {B9B6650B-7025-C9C0-BCFD-BDEDF1640D80}
	EndGlobalSection
EndGlobal
